// !$*UTF8*$!
{
	archiveVersion = 1;
	classes = {
	};
	objectVersion = 46;
	objects = {

/* Begin PBXBuildFile section */
		62052D571B1479CC00F2BB9E /* BaseViewController.m in Sources */ = {isa = PBXBuildFile; fileRef = 62052D561B1479CC00F2BB9E /* BaseViewController.m */; };
		62052D5E1B1479DB00F2BB9E /* UIImage+Blur.m in Sources */ = {isa = PBXBuildFile; fileRef = 62052D591B1479DB00F2BB9E /* UIImage+Blur.m */; };
		62052D5F1B1479DB00F2BB9E /* UIImageView+shadower.m in Sources */ = {isa = PBXBuildFile; fileRef = 62052D5B1B1479DB00F2BB9E /* UIImageView+shadower.m */; };
		62052D601B1479DB00F2BB9E /* UIViewController+CreateSelf.m in Sources */ = {isa = PBXBuildFile; fileRef = 62052D5D1B1479DB00F2BB9E /* UIViewController+CreateSelf.m */; };
		62052D671B1479F900F2BB9E /* CAShapeLayerViewController.m in Sources */ = {isa = PBXBuildFile; fileRef = 62052D621B1479F900F2BB9E /* CAShapeLayerViewController.m */; };
		62052D681B1479F900F2BB9E /* TranslateViewController.m in Sources */ = {isa = PBXBuildFile; fileRef = 62052D641B1479F900F2BB9E /* TranslateViewController.m */; };
		62052D691B1479F900F2BB9E /* ViewController.m in Sources */ = {isa = PBXBuildFile; fileRef = 62052D661B1479F900F2BB9E /* ViewController.m */; };
		62052D6C1B147A0100F2BB9E /* FoldingView.m in Sources */ = {isa = PBXBuildFile; fileRef = 62052D6B1B147A0100F2BB9E /* FoldingView.m */; };
		62052D6F1B147A6800F2BB9E /* UIImage+Decompression.m in Sources */ = {isa = PBXBuildFile; fileRef = 62052D6E1B147A6800F2BB9E /* UIImage+Decompression.m */; };
		62052D721B147AB200F2BB9E /* NSCalendar+FSExtension.m in Sources */ = {isa = PBXBuildFile; fileRef = 62052D711B147AB200F2BB9E /* NSCalendar+FSExtension.m */; };
		62052D751B147ABA00F2BB9E /* NSString+parse.m in Sources */ = {isa = PBXBuildFile; fileRef = 62052D741B147ABA00F2BB9E /* NSString+parse.m */; };
		621D3D351B6F474800640B58 /* AutolayoutViewController.m in Sources */ = {isa = PBXBuildFile; fileRef = 621D3D331B6F474800640B58 /* AutolayoutViewController.m */; };
		621D3D361B6F474800640B58 /* AutolayoutViewController.xib in Resources */ = {isa = PBXBuildFile; fileRef = 621D3D341B6F474800640B58 /* AutolayoutViewController.xib */; };
		62700F121B1D8A5C004F9140 /* MapPloylineViewController.m in Sources */ = {isa = PBXBuildFile; fileRef = 62700F111B1D8A5C004F9140 /* MapPloylineViewController.m */; };
		62700F1A1B1D8D81004F9140 /* EntranceToGoliathRoute.plist in Resources */ = {isa = PBXBuildFile; fileRef = 62700F191B1D8D81004F9140 /* EntranceToGoliathRoute.plist */; };
		62700F1D1B1D9BE1004F9140 /* SMAnnotation.m in Sources */ = {isa = PBXBuildFile; fileRef = 62700F1C1B1D9BE1004F9140 /* SMAnnotation.m */; };
		6282DDFA1B0E0B72005CF07D /* main.m in Sources */ = {isa = PBXBuildFile; fileRef = 6282DDF91B0E0B72005CF07D /* main.m */; };
		6282DDFD1B0E0B72005CF07D /* AppDelegate.m in Sources */ = {isa = PBXBuildFile; fileRef = 6282DDFC1B0E0B72005CF07D /* AppDelegate.m */; };
		6282DE031B0E0B72005CF07D /* Main.storyboard in Resources */ = {isa = PBXBuildFile; fileRef = 6282DE011B0E0B72005CF07D /* Main.storyboard */; };
		6282DE051B0E0B72005CF07D /* Images.xcassets in Resources */ = {isa = PBXBuildFile; fileRef = 6282DE041B0E0B72005CF07D /* Images.xcassets */; };
		6282DE081B0E0B72005CF07D /* LaunchScreen.xib in Resources */ = {isa = PBXBuildFile; fileRef = 6282DE061B0E0B72005CF07D /* LaunchScreen.xib */; };
		6282DE141B0E0B72005CF07D /* Demo_iOSTests.m in Sources */ = {isa = PBXBuildFile; fileRef = 6282DE131B0E0B72005CF07D /* Demo_iOSTests.m */; };
		62C1A7CA1B15AB6600700898 /* SimpleAudioPlayer.m in Sources */ = {isa = PBXBuildFile; fileRef = 62C1A7C91B15AB6600700898 /* SimpleAudioPlayer.m */; };
		62C1A7CC1B15B22400700898 /* README.md in Sources */ = {isa = PBXBuildFile; fileRef = 62C1A7CB1B15B22400700898 /* README.md */; };
		62C1A7CF1B16B9D400700898 /* ColorfulProgress.m in Sources */ = {isa = PBXBuildFile; fileRef = 62C1A7CE1B16B9D400700898 /* ColorfulProgress.m */; };
		A742C5A2AE64BD3AC5D78A91 /* libPods.a in Frameworks */ = {isa = PBXBuildFile; fileRef = BE472085D23CDB80D53B9CDA /* libPods.a */; };
/* End PBXBuildFile section */

/* Begin PBXContainerItemProxy section */
		6282DE0E1B0E0B72005CF07D /* PBXContainerItemProxy */ = {
			isa = PBXContainerItemProxy;
			containerPortal = 6282DDEC1B0E0B72005CF07D /* Project object */;
			proxyType = 1;
			remoteGlobalIDString = 6282DDF31B0E0B72005CF07D;
			remoteInfo = Demo_iOS;
		};
/* End PBXContainerItemProxy section */

/* Begin PBXFileReference section */
		291A82DF31F22C9EE09313EE /* Pods.release.xcconfig */ = {isa = PBXFileReference; includeInIndex = 1; lastKnownFileType = text.xcconfig; name = Pods.release.xcconfig; path = "Pods/Target Support Files/Pods/Pods.release.xcconfig"; sourceTree = "<group>"; };
		55B0664897BE2FFC28213901 /* Pods.debug.xcconfig */ = {isa = PBXFileReference; includeInIndex = 1; lastKnownFileType = text.xcconfig; name = Pods.debug.xcconfig; path = "Pods/Target Support Files/Pods/Pods.debug.xcconfig"; sourceTree = "<group>"; };
		62052D551B1479CC00F2BB9E /* BaseViewController.h */ = {isa = PBXFileReference; fileEncoding = 4; lastKnownFileType = sourcecode.c.h; path = BaseViewController.h; sourceTree = "<group>"; };
		62052D561B1479CC00F2BB9E /* BaseViewController.m */ = {isa = PBXFileReference; fileEncoding = 4; lastKnownFileType = sourcecode.c.objc; path = BaseViewController.m; sourceTree = "<group>"; };
		62052D581B1479DB00F2BB9E /* UIImage+Blur.h */ = {isa = PBXFileReference; fileEncoding = 4; lastKnownFileType = sourcecode.c.h; path = "UIImage+Blur.h"; sourceTree = "<group>"; };
		62052D591B1479DB00F2BB9E /* UIImage+Blur.m */ = {isa = PBXFileReference; fileEncoding = 4; lastKnownFileType = sourcecode.c.objc; path = "UIImage+Blur.m"; sourceTree = "<group>"; };
		62052D5A1B1479DB00F2BB9E /* UIImageView+shadower.h */ = {isa = PBXFileReference; fileEncoding = 4; lastKnownFileType = sourcecode.c.h; path = "UIImageView+shadower.h"; sourceTree = "<group>"; };
		62052D5B1B1479DB00F2BB9E /* UIImageView+shadower.m */ = {isa = PBXFileReference; fileEncoding = 4; lastKnownFileType = sourcecode.c.objc; path = "UIImageView+shadower.m"; sourceTree = "<group>"; };
		62052D5C1B1479DB00F2BB9E /* UIViewController+CreateSelf.h */ = {isa = PBXFileReference; fileEncoding = 4; lastKnownFileType = sourcecode.c.h; path = "UIViewController+CreateSelf.h"; sourceTree = "<group>"; };
		62052D5D1B1479DB00F2BB9E /* UIViewController+CreateSelf.m */ = {isa = PBXFileReference; fileEncoding = 4; lastKnownFileType = sourcecode.c.objc; path = "UIViewController+CreateSelf.m"; sourceTree = "<group>"; };
		62052D611B1479F900F2BB9E /* CAShapeLayerViewController.h */ = {isa = PBXFileReference; fileEncoding = 4; lastKnownFileType = sourcecode.c.h; path = CAShapeLayerViewController.h; sourceTree = "<group>"; };
		62052D621B1479F900F2BB9E /* CAShapeLayerViewController.m */ = {isa = PBXFileReference; fileEncoding = 4; lastKnownFileType = sourcecode.c.objc; path = CAShapeLayerViewController.m; sourceTree = "<group>"; };
		62052D631B1479F900F2BB9E /* TranslateViewController.h */ = {isa = PBXFileReference; fileEncoding = 4; lastKnownFileType = sourcecode.c.h; path = TranslateViewController.h; sourceTree = "<group>"; };
		62052D641B1479F900F2BB9E /* TranslateViewController.m */ = {isa = PBXFileReference; fileEncoding = 4; lastKnownFileType = sourcecode.c.objc; path = TranslateViewController.m; sourceTree = "<group>"; };
		62052D651B1479F900F2BB9E /* ViewController.h */ = {isa = PBXFileReference; fileEncoding = 4; lastKnownFileType = sourcecode.c.h; path = ViewController.h; sourceTree = "<group>"; };
		62052D661B1479F900F2BB9E /* ViewController.m */ = {isa = PBXFileReference; fileEncoding = 4; lastKnownFileType = sourcecode.c.objc; path = ViewController.m; sourceTree = "<group>"; };
		62052D6A1B147A0100F2BB9E /* FoldingView.h */ = {isa = PBXFileReference; fileEncoding = 4; lastKnownFileType = sourcecode.c.h; path = FoldingView.h; sourceTree = "<group>"; };
		62052D6B1B147A0100F2BB9E /* FoldingView.m */ = {isa = PBXFileReference; fileEncoding = 4; lastKnownFileType = sourcecode.c.objc; path = FoldingView.m; sourceTree = "<group>"; };
		62052D6D1B147A6800F2BB9E /* UIImage+Decompression.h */ = {isa = PBXFileReference; fileEncoding = 4; lastKnownFileType = sourcecode.c.h; path = "UIImage+Decompression.h"; sourceTree = "<group>"; };
		62052D6E1B147A6800F2BB9E /* UIImage+Decompression.m */ = {isa = PBXFileReference; fileEncoding = 4; lastKnownFileType = sourcecode.c.objc; path = "UIImage+Decompression.m"; sourceTree = "<group>"; };
		62052D701B147AB200F2BB9E /* NSCalendar+FSExtension.h */ = {isa = PBXFileReference; fileEncoding = 4; lastKnownFileType = sourcecode.c.h; path = "NSCalendar+FSExtension.h"; sourceTree = "<group>"; };
		62052D711B147AB200F2BB9E /* NSCalendar+FSExtension.m */ = {isa = PBXFileReference; fileEncoding = 4; lastKnownFileType = sourcecode.c.objc; path = "NSCalendar+FSExtension.m"; sourceTree = "<group>"; };
		62052D731B147ABA00F2BB9E /* NSString+parse.h */ = {isa = PBXFileReference; fileEncoding = 4; lastKnownFileType = sourcecode.c.h; path = "NSString+parse.h"; sourceTree = "<group>"; };
		62052D741B147ABA00F2BB9E /* NSString+parse.m */ = {isa = PBXFileReference; fileEncoding = 4; lastKnownFileType = sourcecode.c.objc; path = "NSString+parse.m"; sourceTree = "<group>"; };
		621D3D321B6F474800640B58 /* AutolayoutViewController.h */ = {isa = PBXFileReference; fileEncoding = 4; lastKnownFileType = sourcecode.c.h; path = AutolayoutViewController.h; sourceTree = "<group>"; };
		621D3D331B6F474800640B58 /* AutolayoutViewController.m */ = {isa = PBXFileReference; fileEncoding = 4; lastKnownFileType = sourcecode.c.objc; path = AutolayoutViewController.m; sourceTree = "<group>"; };
		621D3D341B6F474800640B58 /* AutolayoutViewController.xib */ = {isa = PBXFileReference; fileEncoding = 4; lastKnownFileType = file.xib; path = AutolayoutViewController.xib; sourceTree = "<group>"; };
		62700F101B1D8A5C004F9140 /* MapPloylineViewController.h */ = {isa = PBXFileReference; fileEncoding = 4; lastKnownFileType = sourcecode.c.h; path = MapPloylineViewController.h; sourceTree = "<group>"; };
		62700F111B1D8A5C004F9140 /* MapPloylineViewController.m */ = {isa = PBXFileReference; fileEncoding = 4; lastKnownFileType = sourcecode.c.objc; path = MapPloylineViewController.m; sourceTree = "<group>"; };
		62700F191B1D8D81004F9140 /* EntranceToGoliathRoute.plist */ = {isa = PBXFileReference; fileEncoding = 4; lastKnownFileType = text.plist.xml; path = EntranceToGoliathRoute.plist; sourceTree = "<group>"; };
		62700F1B1B1D9BE1004F9140 /* SMAnnotation.h */ = {isa = PBXFileReference; fileEncoding = 4; lastKnownFileType = sourcecode.c.h; path = SMAnnotation.h; sourceTree = "<group>"; };
		62700F1C1B1D9BE1004F9140 /* SMAnnotation.m */ = {isa = PBXFileReference; fileEncoding = 4; lastKnownFileType = sourcecode.c.objc; path = SMAnnotation.m; sourceTree = "<group>"; };
		6282DDF41B0E0B72005CF07D /* Demo_iOS.app */ = {isa = PBXFileReference; explicitFileType = wrapper.application; includeInIndex = 0; path = Demo_iOS.app; sourceTree = BUILT_PRODUCTS_DIR; };
		6282DDF81B0E0B72005CF07D /* Info.plist */ = {isa = PBXFileReference; lastKnownFileType = text.plist.xml; path = Info.plist; sourceTree = "<group>"; };
		6282DDF91B0E0B72005CF07D /* main.m */ = {isa = PBXFileReference; lastKnownFileType = sourcecode.c.objc; path = main.m; sourceTree = "<group>"; };
		6282DDFB1B0E0B72005CF07D /* AppDelegate.h */ = {isa = PBXFileReference; lastKnownFileType = sourcecode.c.h; path = AppDelegate.h; sourceTree = "<group>"; };
		6282DDFC1B0E0B72005CF07D /* AppDelegate.m */ = {isa = PBXFileReference; lastKnownFileType = sourcecode.c.objc; path = AppDelegate.m; sourceTree = "<group>"; };
		6282DE021B0E0B72005CF07D /* Base */ = {isa = PBXFileReference; lastKnownFileType = file.storyboard; name = Base; path = Base.lproj/Main.storyboard; sourceTree = "<group>"; };
		6282DE041B0E0B72005CF07D /* Images.xcassets */ = {isa = PBXFileReference; lastKnownFileType = folder.assetcatalog; path = Images.xcassets; sourceTree = "<group>"; };
		6282DE071B0E0B72005CF07D /* Base */ = {isa = PBXFileReference; lastKnownFileType = file.xib; name = Base; path = Base.lproj/LaunchScreen.xib; sourceTree = "<group>"; };
		6282DE0D1B0E0B72005CF07D /* Demo_iOSTests.xctest */ = {isa = PBXFileReference; explicitFileType = wrapper.cfbundle; includeInIndex = 0; path = Demo_iOSTests.xctest; sourceTree = BUILT_PRODUCTS_DIR; };
		6282DE121B0E0B72005CF07D /* Info.plist */ = {isa = PBXFileReference; lastKnownFileType = text.plist.xml; path = Info.plist; sourceTree = "<group>"; };
		6282DE131B0E0B72005CF07D /* Demo_iOSTests.m */ = {isa = PBXFileReference; lastKnownFileType = sourcecode.c.objc; path = Demo_iOSTests.m; sourceTree = "<group>"; };
		62C1A7C81B15AB6600700898 /* SimpleAudioPlayer.h */ = {isa = PBXFileReference; fileEncoding = 4; lastKnownFileType = sourcecode.c.h; path = SimpleAudioPlayer.h; sourceTree = "<group>"; };
		62C1A7C91B15AB6600700898 /* SimpleAudioPlayer.m */ = {isa = PBXFileReference; fileEncoding = 4; lastKnownFileType = sourcecode.c.objc; path = SimpleAudioPlayer.m; sourceTree = "<group>"; };
		62C1A7CB1B15B22400700898 /* README.md */ = {isa = PBXFileReference; fileEncoding = 4; lastKnownFileType = net.daringfireball.markdown; path = README.md; sourceTree = "<group>"; };
		62C1A7CD1B16B9D400700898 /* ColorfulProgress.h */ = {isa = PBXFileReference; fileEncoding = 4; lastKnownFileType = sourcecode.c.h; path = ColorfulProgress.h; sourceTree = "<group>"; };
		62C1A7CE1B16B9D400700898 /* ColorfulProgress.m */ = {isa = PBXFileReference; fileEncoding = 4; lastKnownFileType = sourcecode.c.objc; path = ColorfulProgress.m; sourceTree = "<group>"; };
		BE472085D23CDB80D53B9CDA /* libPods.a */ = {isa = PBXFileReference; explicitFileType = archive.ar; includeInIndex = 0; path = libPods.a; sourceTree = BUILT_PRODUCTS_DIR; };
/* End PBXFileReference section */

/* Begin PBXFrameworksBuildPhase section */
		6282DDF11B0E0B72005CF07D /* Frameworks */ = {
			isa = PBXFrameworksBuildPhase;
			buildActionMask = 2147483647;
			files = (
				A742C5A2AE64BD3AC5D78A91 /* libPods.a in Frameworks */,
			);
			runOnlyForDeploymentPostprocessing = 0;
		};
		6282DE0A1B0E0B72005CF07D /* Frameworks */ = {
			isa = PBXFrameworksBuildPhase;
			buildActionMask = 2147483647;
			files = (
			);
			runOnlyForDeploymentPostprocessing = 0;
		};
/* End PBXFrameworksBuildPhase section */

/* Begin PBXGroup section */
		62052D4E1B14797F00F2BB9E /* Base */ = {
			isa = PBXGroup;
			children = (
				62052D551B1479CC00F2BB9E /* BaseViewController.h */,
				62052D561B1479CC00F2BB9E /* BaseViewController.m */,
			);
			path = Base;
			sourceTree = "<group>";
		};
		62052D4F1B14797F00F2BB9E /* Category */ = {
			isa = PBXGroup;
			children = (
				62052D731B147ABA00F2BB9E /* NSString+parse.h */,
				62052D741B147ABA00F2BB9E /* NSString+parse.m */,
				62052D701B147AB200F2BB9E /* NSCalendar+FSExtension.h */,
				62052D711B147AB200F2BB9E /* NSCalendar+FSExtension.m */,
				62052D6D1B147A6800F2BB9E /* UIImage+Decompression.h */,
				62052D6E1B147A6800F2BB9E /* UIImage+Decompression.m */,
				62052D581B1479DB00F2BB9E /* UIImage+Blur.h */,
				62052D591B1479DB00F2BB9E /* UIImage+Blur.m */,
				62052D5A1B1479DB00F2BB9E /* UIImageView+shadower.h */,
				62052D5B1B1479DB00F2BB9E /* UIImageView+shadower.m */,
				62052D5C1B1479DB00F2BB9E /* UIViewController+CreateSelf.h */,
				62052D5D1B1479DB00F2BB9E /* UIViewController+CreateSelf.m */,
			);
			path = Category;
			sourceTree = "<group>";
		};
		62052D501B14797F00F2BB9E /* Exention */ = {
			isa = PBXGroup;
			children = (
				62700F131B1D8C2B004F9140 /* MapPloyline */,
			);
			path = Exention;
			sourceTree = "<group>";
		};
		62052D511B14797F00F2BB9E /* ThirdParty */ = {
			isa = PBXGroup;
			children = (
				62C1A7CB1B15B22400700898 /* README.md */,
				62C1A7C81B15AB6600700898 /* SimpleAudioPlayer.h */,
				62C1A7C91B15AB6600700898 /* SimpleAudioPlayer.m */,
			);
			path = ThirdParty;
			sourceTree = "<group>";
		};
		62052D521B14797F00F2BB9E /* Until */ = {
			isa = PBXGroup;
			children = (
			);
			path = Until;
			sourceTree = "<group>";
		};
		62052D531B14797F00F2BB9E /* View */ = {
			isa = PBXGroup;
			children = (
				62052D6A1B147A0100F2BB9E /* FoldingView.h */,
				62052D6B1B147A0100F2BB9E /* FoldingView.m */,
				62C1A7CD1B16B9D400700898 /* ColorfulProgress.h */,
				62C1A7CE1B16B9D400700898 /* ColorfulProgress.m */,
			);
			path = View;
			sourceTree = "<group>";
		};
		62052D541B14797F00F2BB9E /* ViewController */ = {
			isa = PBXGroup;
			children = (
				62052D611B1479F900F2BB9E /* CAShapeLayerViewController.h */,
				62052D621B1479F900F2BB9E /* CAShapeLayerViewController.m */,
				62052D631B1479F900F2BB9E /* TranslateViewController.h */,
				62052D641B1479F900F2BB9E /* TranslateViewController.m */,
				62052D651B1479F900F2BB9E /* ViewController.h */,
				62052D661B1479F900F2BB9E /* ViewController.m */,
				62700F101B1D8A5C004F9140 /* MapPloylineViewController.h */,
				62700F111B1D8A5C004F9140 /* MapPloylineViewController.m */,
				621D3D321B6F474800640B58 /* AutolayoutViewController.h */,
				621D3D331B6F474800640B58 /* AutolayoutViewController.m */,
				621D3D341B6F474800640B58 /* AutolayoutViewController.xib */,
			);
			path = ViewController;
			sourceTree = "<group>";
		};
		62700F131B1D8C2B004F9140 /* MapPloyline */ = {
			isa = PBXGroup;
			children = (
				62700F1B1B1D9BE1004F9140 /* SMAnnotation.h */,
				62700F1C1B1D9BE1004F9140 /* SMAnnotation.m */,
			);
			path = MapPloyline;
			sourceTree = "<group>";
		};
		62700F181B1D8D81004F9140 /* Resource */ = {
			isa = PBXGroup;
			children = (
				62700F191B1D8D81004F9140 /* EntranceToGoliathRoute.plist */,
			);
			path = Resource;
			sourceTree = "<group>";
		};
		6282DDEB1B0E0B72005CF07D = {
			isa = PBXGroup;
			children = (
				6282DDF61B0E0B72005CF07D /* Demo_iOS */,
				6282DE101B0E0B72005CF07D /* Demo_iOSTests */,
				6282DDF51B0E0B72005CF07D /* Products */,
				D42962ADAE3CDAD0913E3359 /* Pods */,
				ADD975D9D523D4E3D33E5DF4 /* Frameworks */,
			);
			sourceTree = "<group>";
		};
		6282DDF51B0E0B72005CF07D /* Products */ = {
			isa = PBXGroup;
			children = (
				6282DDF41B0E0B72005CF07D /* Demo_iOS.app */,
				6282DE0D1B0E0B72005CF07D /* Demo_iOSTests.xctest */,
			);
			name = Products;
			sourceTree = "<group>";
		};
		6282DDF61B0E0B72005CF07D /* Demo_iOS */ = {
			isa = PBXGroup;
			children = (
				62700F181B1D8D81004F9140 /* Resource */,
				62052D4E1B14797F00F2BB9E /* Base */,
				62052D4F1B14797F00F2BB9E /* Category */,
				62052D501B14797F00F2BB9E /* Exention */,
				62052D511B14797F00F2BB9E /* ThirdParty */,
				62052D521B14797F00F2BB9E /* Until */,
				62052D531B14797F00F2BB9E /* View */,
				62052D541B14797F00F2BB9E /* ViewController */,
				6282DDFB1B0E0B72005CF07D /* AppDelegate.h */,
				6282DDFC1B0E0B72005CF07D /* AppDelegate.m */,
				6282DE011B0E0B72005CF07D /* Main.storyboard */,
				6282DE041B0E0B72005CF07D /* Images.xcassets */,
				6282DE061B0E0B72005CF07D /* LaunchScreen.xib */,
				6282DDF71B0E0B72005CF07D /* Supporting Files */,
			);
			path = Demo_iOS;
			sourceTree = "<group>";
		};
		6282DDF71B0E0B72005CF07D /* Supporting Files */ = {
			isa = PBXGroup;
			children = (
				6282DDF81B0E0B72005CF07D /* Info.plist */,
				6282DDF91B0E0B72005CF07D /* main.m */,
			);
			name = "Supporting Files";
			sourceTree = "<group>";
		};
		6282DE101B0E0B72005CF07D /* Demo_iOSTests */ = {
			isa = PBXGroup;
			children = (
				6282DE131B0E0B72005CF07D /* Demo_iOSTests.m */,
				6282DE111B0E0B72005CF07D /* Supporting Files */,
			);
			path = Demo_iOSTests;
			sourceTree = "<group>";
		};
		6282DE111B0E0B72005CF07D /* Supporting Files */ = {
			isa = PBXGroup;
			children = (
				6282DE121B0E0B72005CF07D /* Info.plist */,
			);
			name = "Supporting Files";
			sourceTree = "<group>";
		};
		ADD975D9D523D4E3D33E5DF4 /* Frameworks */ = {
			isa = PBXGroup;
			children = (
				BE472085D23CDB80D53B9CDA /* libPods.a */,
			);
			name = Frameworks;
			sourceTree = "<group>";
		};
		D42962ADAE3CDAD0913E3359 /* Pods */ = {
			isa = PBXGroup;
			children = (
				55B0664897BE2FFC28213901 /* Pods.debug.xcconfig */,
				291A82DF31F22C9EE09313EE /* Pods.release.xcconfig */,
			);
			name = Pods;
			sourceTree = "<group>";
		};
/* End PBXGroup section */

/* Begin PBXNativeTarget section */
		6282DDF31B0E0B72005CF07D /* Demo_iOS */ = {
			isa = PBXNativeTarget;
			buildConfigurationList = 6282DE171B0E0B72005CF07D /* Build configuration list for PBXNativeTarget "Demo_iOS" */;
			buildPhases = (
				C2DDA9F2DDE6598B63C929C9 /* Check Pods Manifest.lock */,
				6282DDF01B0E0B72005CF07D /* Sources */,
				6282DDF11B0E0B72005CF07D /* Frameworks */,
				6282DDF21B0E0B72005CF07D /* Resources */,
				37EF7F404B0AC2ABBDADE0A8 /* Copy Pods Resources */,
			);
			buildRules = (
			);
			dependencies = (
			);
			name = Demo_iOS;
			productName = Demo_iOS;
			productReference = 6282DDF41B0E0B72005CF07D /* Demo_iOS.app */;
			productType = "com.apple.product-type.application";
		};
		6282DE0C1B0E0B72005CF07D /* Demo_iOSTests */ = {
			isa = PBXNativeTarget;
			buildConfigurationList = 6282DE1A1B0E0B72005CF07D /* Build configuration list for PBXNativeTarget "Demo_iOSTests" */;
			buildPhases = (
				6282DE091B0E0B72005CF07D /* Sources */,
				6282DE0A1B0E0B72005CF07D /* Frameworks */,
				6282DE0B1B0E0B72005CF07D /* Resources */,
			);
			buildRules = (
			);
			dependencies = (
				6282DE0F1B0E0B72005CF07D /* PBXTargetDependency */,
			);
			name = Demo_iOSTests;
			productName = Demo_iOSTests;
			productReference = 6282DE0D1B0E0B72005CF07D /* Demo_iOSTests.xctest */;
			productType = "com.apple.product-type.bundle.unit-test";
		};
/* End PBXNativeTarget section */

/* Begin PBXProject section */
		6282DDEC1B0E0B72005CF07D /* Project object */ = {
			isa = PBXProject;
			attributes = {
				LastUpgradeCheck = 0630;
				ORGANIZATIONNAME = iStig;
				TargetAttributes = {
					6282DDF31B0E0B72005CF07D = {
						CreatedOnToolsVersion = 6.3.1;
					};
					6282DE0C1B0E0B72005CF07D = {
						CreatedOnToolsVersion = 6.3.1;
						TestTargetID = 6282DDF31B0E0B72005CF07D;
					};
				};
			};
			buildConfigurationList = 6282DDEF1B0E0B72005CF07D /* Build configuration list for PBXProject "Demo_iOS" */;
			compatibilityVersion = "Xcode 3.2";
			developmentRegion = English;
			hasScannedForEncodings = 0;
			knownRegions = (
				en,
				Base,
			);
			mainGroup = 6282DDEB1B0E0B72005CF07D;
			productRefGroup = 6282DDF51B0E0B72005CF07D /* Products */;
			projectDirPath = "";
			projectRoot = "";
			targets = (
				6282DDF31B0E0B72005CF07D /* Demo_iOS */,
				6282DE0C1B0E0B72005CF07D /* Demo_iOSTests */,
			);
		};
/* End PBXProject section */

/* Begin PBXResourcesBuildPhase section */
		6282DDF21B0E0B72005CF07D /* Resources */ = {
			isa = PBXResourcesBuildPhase;
			buildActionMask = 2147483647;
			files = (
				62700F1A1B1D8D81004F9140 /* EntranceToGoliathRoute.plist in Resources */,
				621D3D361B6F474800640B58 /* AutolayoutViewController.xib in Resources */,
				6282DE031B0E0B72005CF07D /* Main.storyboard in Resources */,
				6282DE081B0E0B72005CF07D /* LaunchScreen.xib in Resources */,
				6282DE051B0E0B72005CF07D /* Images.xcassets in Resources */,
			);
			runOnlyForDeploymentPostprocessing = 0;
		};
		6282DE0B1B0E0B72005CF07D /* Resources */ = {
			isa = PBXResourcesBuildPhase;
			buildActionMask = 2147483647;
			files = (
			);
			runOnlyForDeploymentPostprocessing = 0;
		};
/* End PBXResourcesBuildPhase section */

/* Begin PBXShellScriptBuildPhase section */
		37EF7F404B0AC2ABBDADE0A8 /* Copy Pods Resources */ = {
			isa = PBXShellScriptBuildPhase;
			buildActionMask = 2147483647;
			files = (
			);
			inputPaths = (
			);
			name = "Copy Pods Resources";
			outputPaths = (
			);
			runOnlyForDeploymentPostprocessing = 0;
			shellPath = /bin/sh;
			shellScript = "\"${SRCROOT}/Pods/Target Support Files/Pods/Pods-resources.sh\"\n";
			showEnvVarsInLog = 0;
		};
		C2DDA9F2DDE6598B63C929C9 /* Check Pods Manifest.lock */ = {
			isa = PBXShellScriptBuildPhase;
			buildActionMask = 2147483647;
			files = (
			);
			inputPaths = (
			);
			name = "Check Pods Manifest.lock";
			outputPaths = (
			);
			runOnlyForDeploymentPostprocessing = 0;
			shellPath = /bin/sh;
			shellScript = "diff \"${PODS_ROOT}/../Podfile.lock\" \"${PODS_ROOT}/Manifest.lock\" > /dev/null\nif [[ $? != 0 ]] ; then\n    cat << EOM\nerror: The sandbox is not in sync with the Podfile.lock. Run 'pod install' or update your CocoaPods installation.\nEOM\n    exit 1\nfi\n";
			showEnvVarsInLog = 0;
		};
/* End PBXShellScriptBuildPhase section */

/* Begin PBXSourcesBuildPhase section */
		6282DDF01B0E0B72005CF07D /* Sources */ = {
			isa = PBXSourcesBuildPhase;
			buildActionMask = 2147483647;
			files = (
				62052D691B1479F900F2BB9E /* ViewController.m in Sources */,
				6282DDFD1B0E0B72005CF07D /* AppDelegate.m in Sources */,
				62052D6C1B147A0100F2BB9E /* FoldingView.m in Sources */,
				62C1A7CA1B15AB6600700898 /* SimpleAudioPlayer.m in Sources */,
				62052D681B1479F900F2BB9E /* TranslateViewController.m in Sources */,
				62052D671B1479F900F2BB9E /* CAShapeLayerViewController.m in Sources */,
				62052D5F1B1479DB00F2BB9E /* UIImageView+shadower.m in Sources */,
				62052D751B147ABA00F2BB9E /* NSString+parse.m in Sources */,
				62700F1D1B1D9BE1004F9140 /* SMAnnotation.m in Sources */,
				62C1A7CF1B16B9D400700898 /* ColorfulProgress.m in Sources */,
				62052D601B1479DB00F2BB9E /* UIViewController+CreateSelf.m in Sources */,
				62052D721B147AB200F2BB9E /* NSCalendar+FSExtension.m in Sources */,
				62052D571B1479CC00F2BB9E /* BaseViewController.m in Sources */,
				62052D5E1B1479DB00F2BB9E /* UIImage+Blur.m in Sources */,
				62C1A7CC1B15B22400700898 /* README.md in Sources */,
				6282DDFA1B0E0B72005CF07D /* main.m in Sources */,
				62700F121B1D8A5C004F9140 /* MapPloylineViewController.m in Sources */,
				621D3D351B6F474800640B58 /* AutolayoutViewController.m in Sources */,
				62052D6F1B147A6800F2BB9E /* UIImage+Decompression.m in Sources */,
			);
			runOnlyForDeploymentPostprocessing = 0;
		};
		6282DE091B0E0B72005CF07D /* Sources */ = {
			isa = PBXSourcesBuildPhase;
			buildActionMask = 2147483647;
			files = (
				6282DE141B0E0B72005CF07D /* Demo_iOSTests.m in Sources */,
			);
			runOnlyForDeploymentPostprocessing = 0;
		};
/* End PBXSourcesBuildPhase section */

/* Begin PBXTargetDependency section */
		6282DE0F1B0E0B72005CF07D /* PBXTargetDependency */ = {
			isa = PBXTargetDependency;
			target = 6282DDF31B0E0B72005CF07D /* Demo_iOS */;
			targetProxy = 6282DE0E1B0E0B72005CF07D /* PBXContainerItemProxy */;
		};
/* End PBXTargetDependency section */

/* Begin PBXVariantGroup section */
		6282DE011B0E0B72005CF07D /* Main.storyboard */ = {
			isa = PBXVariantGroup;
			children = (
				6282DE021B0E0B72005CF07D /* Base */,
			);
			name = Main.storyboard;
			sourceTree = "<group>";
		};
		6282DE061B0E0B72005CF07D /* LaunchScreen.xib */ = {
			isa = PBXVariantGroup;
			children = (
				6282DE071B0E0B72005CF07D /* Base */,
			);
			name = LaunchScreen.xib;
			sourceTree = "<group>";
		};
/* End PBXVariantGroup section */

/* Begin XCBuildConfiguration section */
		6282DE151B0E0B72005CF07D /* Debug */ = {
			isa = XCBuildConfiguration;
			buildSettings = {
				ALWAYS_SEARCH_USER_PATHS = NO;
				CLANG_CXX_LANGUAGE_STANDARD = "gnu++0x";
				CLANG_CXX_LIBRARY = "libc++";
				CLANG_ENABLE_MODULES = YES;
				CLANG_ENABLE_OBJC_ARC = YES;
				CLANG_WARN_BOOL_CONVERSION = YES;
				CLANG_WARN_CONSTANT_CONVERSION = YES;
				CLANG_WARN_DIRECT_OBJC_ISA_USAGE = YES_ERROR;
				CLANG_WARN_EMPTY_BODY = YES;
				CLANG_WARN_ENUM_CONVERSION = YES;
				CLANG_WARN_INT_CONVERSION = YES;
				CLANG_WARN_OBJC_ROOT_CLASS = YES_ERROR;
				CLANG_WARN_UNREACHABLE_CODE = YES;
				CLANG_WARN__DUPLICATE_METHOD_MATCH = YES;
				"CODE_SIGN_IDENTITY[sdk=iphoneos*]" = "iPhone Developer";
				COPY_PHASE_STRIP = NO;
				DEBUG_INFORMATION_FORMAT = "dwarf-with-dsym";
				ENABLE_STRICT_OBJC_MSGSEND = YES;
				GCC_C_LANGUAGE_STANDARD = gnu99;
				GCC_DYNAMIC_NO_PIC = NO;
				GCC_NO_COMMON_BLOCKS = YES;
				GCC_OPTIMIZATION_LEVEL = 0;
				GCC_PREPROCESSOR_DEFINITIONS = (
					"DEBUG=1",
					"$(inherited)",
				);
				GCC_SYMBOLS_PRIVATE_EXTERN = NO;
				GCC_WARN_64_TO_32_BIT_CONVERSION = YES;
				GCC_WARN_ABOUT_RETURN_TYPE = YES_ERROR;
				GCC_WARN_UNDECLARED_SELECTOR = YES;
				GCC_WARN_UNINITIALIZED_AUTOS = YES_AGGRESSIVE;
				GCC_WARN_UNUSED_FUNCTION = YES;
				GCC_WARN_UNUSED_VARIABLE = YES;
				IPHONEOS_DEPLOYMENT_TARGET = 8.3;
				MTL_ENABLE_DEBUG_INFO = YES;
				ONLY_ACTIVE_ARCH = YES;
				SDKROOT = iphoneos;
			};
			name = Debug;
		};
		6282DE161B0E0B72005CF07D /* Release */ = {
			isa = XCBuildConfiguration;
			buildSettings = {
				ALWAYS_SEARCH_USER_PATHS = NO;
				CLANG_CXX_LANGUAGE_STANDARD = "gnu++0x";
				CLANG_CXX_LIBRARY = "libc++";
				CLANG_ENABLE_MODULES = YES;
				CLANG_ENABLE_OBJC_ARC = YES;
				CLANG_WARN_BOOL_CONVERSION = YES;
				CLANG_WARN_CONSTANT_CONVERSION = YES;
				CLANG_WARN_DIRECT_OBJC_ISA_USAGE = YES_ERROR;
				CLANG_WARN_EMPTY_BODY = YES;
				CLANG_WARN_ENUM_CONVERSION = YES;
				CLANG_WARN_INT_CONVERSION = YES;
				CLANG_WARN_OBJC_ROOT_CLASS = YES_ERROR;
				CLANG_WARN_UNREACHABLE_CODE = YES;
				CLANG_WARN__DUPLICATE_METHOD_MATCH = YES;
				"CODE_SIGN_IDENTITY[sdk=iphoneos*]" = "iPhone Developer";
				COPY_PHASE_STRIP = NO;
				DEBUG_INFORMATION_FORMAT = "dwarf-with-dsym";
				ENABLE_NS_ASSERTIONS = NO;
				ENABLE_STRICT_OBJC_MSGSEND = YES;
				GCC_C_LANGUAGE_STANDARD = gnu99;
				GCC_NO_COMMON_BLOCKS = YES;
				GCC_WARN_64_TO_32_BIT_CONVERSION = YES;
				GCC_WARN_ABOUT_RETURN_TYPE = YES_ERROR;
				GCC_WARN_UNDECLARED_SELECTOR = YES;
				GCC_WARN_UNINITIALIZED_AUTOS = YES_AGGRESSIVE;
				GCC_WARN_UNUSED_FUNCTION = YES;
				GCC_WARN_UNUSED_VARIABLE = YES;
				IPHONEOS_DEPLOYMENT_TARGET = 8.3;
				MTL_ENABLE_DEBUG_INFO = NO;
				SDKROOT = iphoneos;
				VALIDATE_PRODUCT = YES;
			};
			name = Release;
		};
		6282DE181B0E0B72005CF07D /* Debug */ = {
			isa = XCBuildConfiguration;
			baseConfigurationReference = 55B0664897BE2FFC28213901 /* Pods.debug.xcconfig */;
			buildSettings = {
				ASSETCATALOG_COMPILER_APPICON_NAME = AppIcon;
				ASSETCATALOG_COMPILER_LAUNCHIMAGE_NAME = "LaunchImage-1";
				INFOPLIST_FILE = Demo_iOS/Info.plist;
				IPHONEOS_DEPLOYMENT_TARGET = 7.0;
				LD_RUNPATH_SEARCH_PATHS = "$(inherited) @executable_path/Frameworks";
				PRODUCT_NAME = "$(TARGET_NAME)";
			};
			name = Debug;
		};
		6282DE191B0E0B72005CF07D /* Release */ = {
			isa = XCBuildConfiguration;
			baseConfigurationReference = 291A82DF31F22C9EE09313EE /* Pods.release.xcconfig */;
			buildSettings = {
				ASSETCATALOG_COMPILER_APPICON_NAME = AppIcon;
				ASSETCATALOG_COMPILER_LAUNCHIMAGE_NAME = "LaunchImage-1";
				INFOPLIST_FILE = Demo_iOS/Info.plist;
				IPHONEOS_DEPLOYMENT_TARGET = 7.0;
				LD_RUNPATH_SEARCH_PATHS = "$(inherited) @executable_path/Frameworks";
				PRODUCT_NAME = "$(TARGET_NAME)";
			};
			name = Release;
		};
		6282DE1B1B0E0B72005CF07D /* Debug */ = {
			isa = XCBuildConfiguration;
			buildSettings = {
				BUNDLE_LOADER = "$(TEST_HOST)";
				FRAMEWORK_SEARCH_PATHS = (
					"$(SDKROOT)/Developer/Library/Frameworks",
					"$(inherited)",
				);
				GCC_PREPROCESSOR_DEFINITIONS = (
					"DEBUG=1",
					"$(inherited)",
				);
				INFOPLIST_FILE = Demo_iOSTests/Info.plist;
				LD_RUNPATH_SEARCH_PATHS = "$(inherited) @executable_path/Frameworks @loader_path/Frameworks";
				PRODUCT_NAME = "$(TARGET_NAME)";
				TEST_HOST = "$(BUILT_PRODUCTS_DIR)/Demo_iOS.app/Demo_iOS";
			};
			name = Debug;
		};
		6282DE1C1B0E0B72005CF07D /* Release */ = {
			isa = XCBuildConfiguration;
			buildSettings = {
				BUNDLE_LOADER = "$(TEST_HOST)";
				FRAMEWORK_SEARCH_PATHS = (
					"$(SDKROOT)/Developer/Library/Frameworks",
					"$(inherited)",
				);
				INFOPLIST_FILE = Demo_iOSTests/Info.plist;
				LD_RUNPATH_SEARCH_PATHS = "$(inherited) @executable_path/Frameworks @loader_path/Frameworks";
				PRODUCT_NAME = "$(TARGET_NAME)";
				TEST_HOST = "$(BUILT_PRODUCTS_DIR)/Demo_iOS.app/Demo_iOS";
			};
			name = Release;
		};
/* End XCBuildConfiguration section */

/* Begin XCConfigurationList section */
		6282DDEF1B0E0B72005CF07D /* Build configuration list for PBXProject "Demo_iOS" */ = {
			isa = XCConfigurationList;
			buildConfigurations = (
				6282DE151B0E0B72005CF07D /* Debug */,
				6282DE161B0E0B72005CF07D /* Release */,
			);
			defaultConfigurationIsVisible = 0;
			defaultConfigurationName = Release;
		};
		6282DE171B0E0B72005CF07D /* Build configuration list for PBXNativeTarget "Demo_iOS" */ = {
			isa = XCConfigurationList;
			buildConfigurations = (
				6282DE181B0E0B72005CF07D /* Debug */,
				6282DE191B0E0B72005CF07D /* Release */,
			);
			defaultConfigurationIsVisible = 0;
			defaultConfigurationName = Release;
		};
		6282DE1A1B0E0B72005CF07D /* Build configuration list for PBXNativeTarget "Demo_iOSTests" */ = {
			isa = XCConfigurationList;
			buildConfigurations = (
				6282DE1B1B0E0B72005CF07D /* Debug */,
				6282DE1C1B0E0B72005CF07D /* Release */,
			);
			defaultConfigurationIsVisible = 0;
			defaultConfigurationName = Release;
		};
/* End XCConfigurationList section */
	};
	rootObject = 6282DDEC1B0E0B72005CF07D /* Project object */;
}
